github.com/nunocoracao/blowfish v1.5.0 h1:hRKxPW4GM+dR+mJdoXQ5tl4KrCCtLw2QscLLOFgD9SI=
github.com/nunocoracao/blowfish v1.5.0/go.mod h1:a+x71NKypnAynVrKYncF4jMagrvWjOdacVpA9RJh2UA=
github.com/panr/hugo-theme-terminal v0.0.0-20220720060051-161096273113 h1:hDu9n4FYVBpGwhYb8IXYibxY6efmtyErHw8+41a5518=
github.com/panr/hugo-theme-terminal v0.0.0-20220720060051-161096273113/go.mod h1:kiO0NHUXPNrG6BFRlat5jc078p3e1f2sLlpt0a23MEY=
github.com/zarak/hugo-theme-terminal v0.0.0-20221005181204-e7dbcf2edb6b h1:Z2hWIgxfGOzkvUMHS0hp8dqYil2Ma2GNQLY498pmvmg=
github.com/zarak/hugo-theme-terminal v0.0.0-20221005181204-e7dbcf2edb6b/go.mod h1:vF7fEWHgTxquSnd8YjQlFujXgeJBFXFlHe10tEd3L2M=
github.com/zarak/hugo-theme-terminal v0.0.0-20221005182559-8ad4b0d56ce0 h1:e6jzOVx9DilEnlFy3EcGvL2E03qoYLCyB4rGwJbVdqY=
github.com/zarak/hugo-theme-terminal v0.0.0-20221005182559-8ad4b0d56ce0/go.mod h1:vF7fEWHgTxquSnd8YjQlFujXgeJBFXFlHe10tEd3L2M=
github.com/zarak/hugo-theme-terminal v0.0.0-20221005183533-22012451645f h1:QIFsAquTyKwGlZoUZx218yAIAq6By4JCrQK4OPqhMZY=
github.com/zarak/hugo-theme-terminal v0.0.0-20221005183533-22012451645f/go.mod h1:vF7fEWHgTxquSnd8YjQlFujXgeJBFXFlHe10tEd3L2M=
github.com/zarak/hugo-theme-terminal v0.0.0-20221005183945-5b79fb4bace4 h1:ASqKTCJ5iUH83J1yTYOynE6hIsUMPyl0Sfr5NTx1LzA=
github.com/zarak/hugo-theme-terminal v0.0.0-20221005183945-5b79fb4bace4/go.mod h1:vF7fEWHgTxquSnd8YjQlFujXgeJBFXFlHe10tEd3L2M=
github.com/zarak/hugo-theme-terminal v0.0.0-20221005185647-67cec1c19eed h1:Tp8BbQfuF3UMbHZDAluvmuZ+vuUdapXu6VDbcw9RVaM=
github.com/zarak/hugo-theme-terminal v0.0.0-20221005185647-67cec1c19eed/go.mod h1:vF7fEWHgTxquSnd8YjQlFujXgeJBFXFlHe10tEd3L2M=
github.com/zarak/hugo-theme-terminal v0.0.0-20221005185945-3583a0684f22 h1:UHODvSg+XXiEUXm/fxaqD95JJYCDRzC7pEltR1TMzfw=
github.com/zarak/hugo-theme-terminal v0.0.0-20221005185945-3583a0684f22/go.mod h1:vF7fEWHgTxquSnd8YjQlFujXgeJBFXFlHe10tEd3L2M=
github.com/zarak/hugo-theme-terminal v0.0.0-20221005191918-e85e1562b5b3 h1:wMT/L6Kl4CENgLk++vcugHuKf/GQqe9BUGBsFhdvnF8=
github.com/zarak/hugo-theme-terminal v0.0.0-20221005191918-e85e1562b5b3/go.mod h1:vF7fEWHgTxquSnd8YjQlFujXgeJBFXFlHe10tEd3L2M=
github.com/zarak/hugo-theme-terminal v0.0.0-20221005192447-c43c263634bc h1:3gMY+4VmfMPqI2n4yVxCTmXnaCULMDspheCsZd0OI3w=
github.com/zarak/hugo-theme-terminal v0.0.0-20221005192447-c43c263634bc/go.mod h1:vF7fEWHgTxquSnd8YjQlFujXgeJBFXFlHe10tEd3L2M=
